{
  "version": 4,
  "terraform_version": "1.11.4",
  "serial": 13,
  "lineage": "f73234f3-9cbd-b1c6-a91f-d7be0730d24a",
  "outputs": {},
  "resources": [
    {
      "mode": "managed",
      "type": "neon_project",
      "name": "db",
      "provider": "provider[\"registry.terraform.io/kislerdm/neon\"]",
      "instances": [
        {
          "schema_version": 11,
          "attributes": {
            "allowed_ips": [],
            "allowed_ips_protected_branches_only": null,
            "branch": [
              {
                "database_name": "neondb",
                "id": "br-patient-shape-a7f9oqm4",
                "name": "main",
                "role_name": "neondb_owner"
              }
            ],
            "compute_provisioner": "k8s-neonvm",
            "connection_uri": "postgres://neondb_owner:npg_9kOoLsxd0Gpa@ep-royal-recipe-a7skxu2t.ap-southeast-2.aws.neon.tech/neondb?sslmode=require",
            "connection_uri_pooler": "postgres://neondb_owner:npg_9kOoLsxd0Gpa@ep-royal-recipe-a7skxu2t-pooler.ap-southeast-2.aws.neon.tech/neondb?sslmode=require",
            "database_host": "ep-royal-recipe-a7skxu2t.ap-southeast-2.aws.neon.tech",
            "database_host_pooler": "ep-royal-recipe-a7skxu2t-pooler.ap-southeast-2.aws.neon.tech",
            "database_name": "neondb",
            "database_password": "npg_9kOoLsxd0Gpa",
            "database_user": "neondb_owner",
            "default_branch_id": "br-patient-shape-a7f9oqm4",
            "default_endpoint_id": "ep-royal-recipe-a7skxu2t",
            "default_endpoint_settings": [
              {
                "autoscaling_limit_max_cu": 0.25,
                "autoscaling_limit_min_cu": 0.25,
                "id": "ep-royal-recipe-a7skxu2t",
                "suspend_timeout_seconds": 0
              }
            ],
            "enable_logical_replication": null,
            "history_retention_seconds": 86400,
            "id": "dry-paper-06870612",
            "name": "task-manager-db",
            "org_id": null,
            "pg_version": 17,
            "quota": [
              {
                "active_time_seconds": null,
                "compute_time_seconds": null,
                "data_transfer_bytes": null,
                "logical_size_bytes": null,
                "written_data_bytes": null
              }
            ],
            "region_id": "aws-ap-southeast-2",
            "store_password": "yes"
          },
          "sensitive_attributes": [
            [
              {
                "type": "get_attr",
                "value": "connection_uri_pooler"
              }
            ],
            [
              {
                "type": "get_attr",
                "value": "connection_uri"
              }
            ],
            [
              {
                "type": "get_attr",
                "value": "database_password"
              }
            ]
          ],
          "private": "eyJzY2hlbWFfdmVyc2lvbiI6IjExIn0="
        }
      ]
    }
  ],
  "check_results": null
}
